
Microsoft Visual Studio Solution File, Format Version 12.00
# Visual Studio Version 17
VisualStudioVersion = 17.9.34622.214
MinimumVisualStudioVersion = 10.0.40219.1
Project("{FAE04EC0-301F-11D3-BF4B-00C04F79EFBC}") = "Qfresh_Project", "Qfresh_Project\Qfresh_Project.csproj", "{115EBEDA-CDFB-4F01-A68C-D7667A75FE90}"
EndProject
Global
	GlobalSection(SolutionConfigurationPlatforms) = preSolution
		Debug|Any CPU = Debug|Any CPU
		Release|Any CPU = Release|Any CPU
	EndGlobalSection
	GlobalSection(ProjectConfigurationPlatforms) = postSolution
		{115EBEDA-CDFB-4F01-A68C-D7667A75FE90}.Debug|Any CPU.ActiveCfg = Debug|Any CPU
		{115EBEDA-CDFB-4F01-A68C-D7667A75FE90}.Debug|Any CPU.Build.0 = Debug|Any CPU
		{115EBEDA-CDFB-4F01-A68C-D7667A75FE90}.Release|Any CPU.ActiveCfg = Release|Any CPU
		{115EBEDA-CDFB-4F01-A68C-D7667A75FE90}.Release|Any CPU.Build.0 = Release|Any CPU
	EndGlobalSection
	GlobalSection(SolutionProperties) = preSolution
		HideSolutionNode = FALSE
	EndGlobalSection
	GlobalSection(ExtensibilityGlobals) = postSolution
		SolutionGuid = {F8F35774-E42C-4BF1-9412-8DEA09018F6B}
	EndGlobalSection
EndGlobal
